// !$*UTF8*$!
{
	archiveVersion = 1;
	classes = {
	};
	objectVersion = 46;
	objects = {

/* Begin PBXBuildFile section */
		2E1635521E7EFAC300F2E8A5 /* djikstra.c in Sources */ = {isa = PBXBuildFile; fileRef = 2E1635511E7EFAC300F2E8A5 /* djikstra.c */; };
		2E16355A1E7EFCAB00F2E8A5 /* darray.c in Sources */ = {isa = PBXBuildFile; fileRef = 2E1635581E7EFCAB00F2E8A5 /* darray.c */; };
		2E16355D1E7EFD1500F2E8A5 /* binomial.c in Sources */ = {isa = PBXBuildFile; fileRef = 2E16355B1E7EFD1500F2E8A5 /* binomial.c */; };
		2E1635601E7F102900F2E8A5 /* integer.c in Sources */ = {isa = PBXBuildFile; fileRef = 2E16355E1E7F102900F2E8A5 /* integer.c */; };
/* End PBXBuildFile section */

/* Begin PBXCopyFilesBuildPhase section */
		2E16354C1E7EFAC200F2E8A5 /* CopyFiles */ = {
			isa = PBXCopyFilesBuildPhase;
			buildActionMask = 2147483647;
			dstPath = /usr/share/man/man1/;
			dstSubfolderSpec = 0;
			files = (
			);
			runOnlyForDeploymentPostprocessing = 1;
		};
/* End PBXCopyFilesBuildPhase section */

/* Begin PBXFileReference section */
		2E16354E1E7EFAC300F2E8A5 /* Assign_3 */ = {isa = PBXFileReference; explicitFileType = "compiled.mach-o.executable"; includeInIndex = 0; path = Assign_3; sourceTree = BUILT_PRODUCTS_DIR; };
		2E1635511E7EFAC300F2E8A5 /* djikstra.c */ = {isa = PBXFileReference; lastKnownFileType = sourcecode.c.c; path = djikstra.c; sourceTree = "<group>"; };
		2E1635581E7EFCAB00F2E8A5 /* darray.c */ = {isa = PBXFileReference; fileEncoding = 4; lastKnownFileType = sourcecode.c.c; path = darray.c; sourceTree = "<group>"; };
		2E1635591E7EFCAB00F2E8A5 /* darray.h */ = {isa = PBXFileReference; fileEncoding = 4; lastKnownFileType = sourcecode.c.h; path = darray.h; sourceTree = "<group>"; };
		2E16355B1E7EFD1500F2E8A5 /* binomial.c */ = {isa = PBXFileReference; fileEncoding = 4; lastKnownFileType = sourcecode.c.c; path = binomial.c; sourceTree = "<group>"; };
		2E16355C1E7EFD1500F2E8A5 /* binomial.h */ = {isa = PBXFileReference; fileEncoding = 4; lastKnownFileType = sourcecode.c.h; path = binomial.h; sourceTree = "<group>"; };
		2E16355E1E7F102900F2E8A5 /* integer.c */ = {isa = PBXFileReference; fileEncoding = 4; lastKnownFileType = sourcecode.c.c; path = integer.c; sourceTree = "<group>"; };
		2E16355F1E7F102900F2E8A5 /* integer.h */ = {isa = PBXFileReference; fileEncoding = 4; lastKnownFileType = sourcecode.c.h; path = integer.h; sourceTree = "<group>"; };
/* End PBXFileReference section */

/* Begin PBXFrameworksBuildPhase section */
		2E16354B1E7EFAC200F2E8A5 /* Frameworks */ = {
			isa = PBXFrameworksBuildPhase;
			buildActionMask = 2147483647;
			files = (
			);
			runOnlyForDeploymentPostprocessing = 0;
		};
/* End PBXFrameworksBuildPhase section */

/* Begin PBXGroup section */
		2E1635451E7EFAC200F2E8A5 = {
			isa = PBXGroup;
			children = (
				2E1635501E7EFAC300F2E8A5 /* Assign_3 */,
				2E16354F1E7EFAC300F2E8A5 /* Products */,
			);
			sourceTree = "<group>";
		};
		2E16354F1E7EFAC300F2E8A5 /* Products */ = {
			isa = PBXGroup;
			children = (
				2E16354E1E7EFAC300F2E8A5 /* Assign_3 */,
			);
			name = Products;
			sourceTree = "<group>";
		};
		2E1635501E7EFAC300F2E8A5 /* Assign_3 */ = {
			isa = PBXGroup;
			children = (
				2E16355F1E7F102900F2E8A5 /* integer.h */,
				2E16355E1E7F102900F2E8A5 /* integer.c */,
				2E1635591E7EFCAB00F2E8A5 /* darray.h */,
				2E1635581E7EFCAB00F2E8A5 /* darray.c */,
				2E16355C1E7EFD1500F2E8A5 /* binomial.h */,
				2E16355B1E7EFD1500F2E8A5 /* binomial.c */,
				2E1635511E7EFAC300F2E8A5 /* djikstra.c */,
			);
			path = Assign_3;
			sourceTree = "<group>";
		};
/* End PBXGroup section */

/* Begin PBXNativeTarget section */
		2E16354D1E7EFAC200F2E8A5 /* Assign_3 */ = {
			isa = PBXNativeTarget;
			buildConfigurationList = 2E1635551E7EFAC300F2E8A5 /* Build configuration list for PBXNativeTarget "Assign_3" */;
			buildPhases = (
				2E16354A1E7EFAC200F2E8A5 /* Sources */,
				2E16354B1E7EFAC200F2E8A5 /* Frameworks */,
				2E16354C1E7EFAC200F2E8A5 /* CopyFiles */,
			);
			buildRules = (
			);
			dependencies = (
			);
			name = Assign_3;
			productName = Assign_3;
			productReference = 2E16354E1E7EFAC300F2E8A5 /* Assign_3 */;
			productType = "com.apple.product-type.tool";
		};
/* End PBXNativeTarget section */

/* Begin PBXProject section */
		2E1635461E7EFAC200F2E8A5 /* Project object */ = {
			isa = PBXProject;
			attributes = {
				LastUpgradeCheck = 0820;
				ORGANIZATIONNAME = "Greyson Wright";
				TargetAttributes = {
					2E16354D1E7EFAC200F2E8A5 = {
						CreatedOnToolsVersion = 8.2.1;
						DevelopmentTeam = 2SP6H22NCZ;
						ProvisioningStyle = Automatic;
					};
				};
			};
			buildConfigurationList = 2E1635491E7EFAC200F2E8A5 /* Build configuration list for PBXProject "Assign_3" */;
			compatibilityVersion = "Xcode 3.2";
			developmentRegion = English;
			hasScannedForEncodings = 0;
			knownRegions = (
				en,
			);
			mainGroup = 2E1635451E7EFAC200F2E8A5;
			productRefGroup = 2E16354F1E7EFAC300F2E8A5 /* Products */;
			projectDirPath = "";
			projectRoot = "";
			targets = (
				2E16354D1E7EFAC200F2E8A5 /* Assign_3 */,
			);
		};
/* End PBXProject section */

/* Begin PBXSourcesBuildPhase section */
		2E16354A1E7EFAC200F2E8A5 /* Sources */ = {
			isa = PBXSourcesBuildPhase;
			buildActionMask = 2147483647;
			files = (
				2E1635601E7F102900F2E8A5 /* integer.c in Sources */,
				2E16355A1E7EFCAB00F2E8A5 /* darray.c in Sources */,
				2E16355D1E7EFD1500F2E8A5 /* binomial.c in Sources */,
				2E1635521E7EFAC300F2E8A5 /* djikstra.c in Sources */,
			);
			runOnlyForDeploymentPostprocessing = 0;
		};
/* End PBXSourcesBuildPhase section */

/* Begin XCBuildConfiguration section */
		2E1635531E7EFAC300F2E8A5 /* Debug */ = {
			isa = XCBuildConfiguration;
			buildSettings = {
				ALWAYS_SEARCH_USER_PATHS = NO;
				CLANG_ANALYZER_NONNULL = YES;
				CLANG_CXX_LANGUAGE_STANDARD = "gnu++0x";
				CLANG_CXX_LIBRARY = "libc++";
				CLANG_ENABLE_MODULES = YES;
				CLANG_ENABLE_OBJC_ARC = YES;
				CLANG_WARN_BOOL_CONVERSION = YES;
				CLANG_WARN_CONSTANT_CONVERSION = YES;
				CLANG_WARN_DIRECT_OBJC_ISA_USAGE = YES_ERROR;
				CLANG_WARN_DOCUMENTATION_COMMENTS = YES;
				CLANG_WARN_EMPTY_BODY = YES;
				CLANG_WARN_ENUM_CONVERSION = YES;
				CLANG_WARN_INFINITE_RECURSION = YES;
				CLANG_WARN_INT_CONVERSION = YES;
				CLANG_WARN_OBJC_ROOT_CLASS = YES_ERROR;
				CLANG_WARN_SUSPICIOUS_MOVE = YES;
				CLANG_WARN_UNREACHABLE_CODE = YES;
				CLANG_WARN__DUPLICATE_METHOD_MATCH = YES;
				CODE_SIGN_IDENTITY = "-";
				COPY_PHASE_STRIP = NO;
				DEBUG_INFORMATION_FORMAT = dwarf;
				ENABLE_STRICT_OBJC_MSGSEND = YES;
				ENABLE_TESTABILITY = YES;
				GCC_C_LANGUAGE_STANDARD = gnu99;
				GCC_DYNAMIC_NO_PIC = NO;
				GCC_NO_COMMON_BLOCKS = YES;
				GCC_OPTIMIZATION_LEVEL = 0;
				GCC_PREPROCESSOR_DEFINITIONS = (
					"DEBUG=1",
					"$(inherited)",
				);
				GCC_WARN_64_TO_32_BIT_CONVERSION = YES;
				GCC_WARN_ABOUT_RETURN_TYPE = YES_ERROR;
				GCC_WARN_UNDECLARED_SELECTOR = YES;
				GCC_WARN_UNINITIALIZED_AUTOS = YES_AGGRESSIVE;
				GCC_WARN_UNUSED_FUNCTION = YES;
				GCC_WARN_UNUSED_VARIABLE = YES;
				MACOSX_DEPLOYMENT_TARGET = 10.12;
				MTL_ENABLE_DEBUG_INFO = YES;
				ONLY_ACTIVE_ARCH = YES;
				SDKROOT = macosx;
			};
			name = Debug;
		};
		2E1635541E7EFAC300F2E8A5 /* Release */ = {
			isa = XCBuildConfiguration;
			buildSettings = {
				ALWAYS_SEARCH_USER_PATHS = NO;
				CLANG_ANALYZER_NONNULL = YES;
				CLANG_CXX_LANGUAGE_STANDARD = "gnu++0x";
				CLANG_CXX_LIBRARY = "libc++";
				CLANG_ENABLE_MODULES = YES;
				CLANG_ENABLE_OBJC_ARC = YES;
				CLANG_WARN_BOOL_CONVERSION = YES;
				CLANG_WARN_CONSTANT_CONVERSION = YES;
				CLANG_WARN_DIRECT_OBJC_ISA_USAGE = YES_ERROR;
				CLANG_WARN_DOCUMENTATION_COMMENTS = YES;
				CLANG_WARN_EMPTY_BODY = YES;
				CLANG_WARN_ENUM_CONVERSION = YES;
				CLANG_WARN_INFINITE_RECURSION = YES;
				CLANG_WARN_INT_CONVERSION = YES;
				CLANG_WARN_OBJC_ROOT_CLASS = YES_ERROR;
				CLANG_WARN_SUSPICIOUS_MOVE = YES;
				CLANG_WARN_UNREACHABLE_CODE = YES;
				CLANG_WARN__DUPLICATE_METHOD_MATCH = YES;
				CODE_SIGN_IDENTITY = "-";
				COPY_PHASE_STRIP = NO;
				DEBUG_INFORMATION_FORMAT = "dwarf-with-dsym";
				ENABLE_NS_ASSERTIONS = NO;
				ENABLE_STRICT_OBJC_MSGSEND = YES;
				GCC_C_LANGUAGE_STANDARD = gnu99;
				GCC_NO_COMMON_BLOCKS = YES;
				GCC_WARN_64_TO_32_BIT_CONVERSION = YES;
				GCC_WARN_ABOUT_RETURN_TYPE = YES_ERROR;
				GCC_WARN_UNDECLARED_SELECTOR = YES;
				GCC_WARN_UNINITIALIZED_AUTOS = YES_AGGRESSIVE;
				GCC_WARN_UNUSED_FUNCTION = YES;
				GCC_WARN_UNUSED_VARIABLE = YES;
				MACOSX_DEPLOYMENT_TARGET = 10.12;
				MTL_ENABLE_DEBUG_INFO = NO;
				SDKROOT = macosx;
			};
			name = Release;
		};
		2E1635561E7EFAC300F2E8A5 /* Debug */ = {
			isa = XCBuildConfiguration;
			buildSettings = {
				DEVELOPMENT_TEAM = 2SP6H22NCZ;
				PRODUCT_NAME = "$(TARGET_NAME)";
			};
			name = Debug;
		};
		2E1635571E7EFAC300F2E8A5 /* Release */ = {
			isa = XCBuildConfiguration;
			buildSettings = {
				DEVELOPMENT_TEAM = 2SP6H22NCZ;
				PRODUCT_NAME = "$(TARGET_NAME)";
			};
			name = Release;
		};
/* End XCBuildConfiguration section */

/* Begin XCConfigurationList section */
		2E1635491E7EFAC200F2E8A5 /* Build configuration list for PBXProject "Assign_3" */ = {
			isa = XCConfigurationList;
			buildConfigurations = (
				2E1635531E7EFAC300F2E8A5 /* Debug */,
				2E1635541E7EFAC300F2E8A5 /* Release */,
			);
			defaultConfigurationIsVisible = 0;
			defaultConfigurationName = Release;
		};
		2E1635551E7EFAC300F2E8A5 /* Build configuration list for PBXNativeTarget "Assign_3" */ = {
			isa = XCConfigurationList;
			buildConfigurations = (
				2E1635561E7EFAC300F2E8A5 /* Debug */,
				2E1635571E7EFAC300F2E8A5 /* Release */,
			);
			defaultConfigurationIsVisible = 0;
		};
/* End XCConfigurationList section */
	};
	rootObject = 2E1635461E7EFAC200F2E8A5 /* Project object */;
}
